
Microsoft Visual Studio Solution File, Format Version 12.00
# Visual Studio 2013
VisualStudioVersion = 12.0.31101.0
MinimumVisualStudioVersion = 10.0.40219.1
Project("{FAE04EC0-301F-11D3-BF4B-00C04F79EFBC}") = "Syncer", "Syncer\Syncer.csproj", "{4FF47773-E4A7-435F-8E9F-8A0AD936F275}"
EndProject
Project("{8BC9CEB8-8B4A-11D0-8D11-00A0C91BC942}") = "FileSearcher", "FileSearcher\FileSearcher.vcxproj", "{AF6B25DD-7216-4FA6-8CC9-5D977327368C}"
EndProject
Global
	GlobalSection(SolutionConfigurationPlatforms) = preSolution
		Debug|Any CPU = Debug|Any CPU
		Debug|Mixed Platforms = Debug|Mixed Platforms
		Debug|Win32 = Debug|Win32
		Release|Any CPU = Release|Any CPU
		Release|Mixed Platforms = Release|Mixed Platforms
		Release|Win32 = Release|Win32
	EndGlobalSection
	GlobalSection(ProjectConfigurationPlatforms) = postSolution
		{4FF47773-E4A7-435F-8E9F-8A0AD936F275}.Debug|Any CPU.ActiveCfg = Debug|Any CPU
		{4FF47773-E4A7-435F-8E9F-8A0AD936F275}.Debug|Any CPU.Build.0 = Debug|Any CPU
		{4FF47773-E4A7-435F-8E9F-8A0AD936F275}.Debug|Mixed Platforms.ActiveCfg = Debug|Any CPU
		{4FF47773-E4A7-435F-8E9F-8A0AD936F275}.Debug|Mixed Platforms.Build.0 = Debug|Any CPU
		{4FF47773-E4A7-435F-8E9F-8A0AD936F275}.Debug|Win32.ActiveCfg = Debug|Any CPU
		{4FF47773-E4A7-435F-8E9F-8A0AD936F275}.Release|Any CPU.ActiveCfg = Release|Any CPU
		{4FF47773-E4A7-435F-8E9F-8A0AD936F275}.Release|Any CPU.Build.0 = Release|Any CPU
		{4FF47773-E4A7-435F-8E9F-8A0AD936F275}.Release|Mixed Platforms.ActiveCfg = Release|Any CPU
		{4FF47773-E4A7-435F-8E9F-8A0AD936F275}.Release|Mixed Platforms.Build.0 = Release|Any CPU
		{4FF47773-E4A7-435F-8E9F-8A0AD936F275}.Release|Win32.ActiveCfg = Release|Any CPU
		{AF6B25DD-7216-4FA6-8CC9-5D977327368C}.Debug|Any CPU.ActiveCfg = Debug|Win32
		{AF6B25DD-7216-4FA6-8CC9-5D977327368C}.Debug|Mixed Platforms.ActiveCfg = Debug|Win32
		{AF6B25DD-7216-4FA6-8CC9-5D977327368C}.Debug|Mixed Platforms.Build.0 = Debug|Win32
		{AF6B25DD-7216-4FA6-8CC9-5D977327368C}.Debug|Win32.ActiveCfg = Debug|Win32
		{AF6B25DD-7216-4FA6-8CC9-5D977327368C}.Debug|Win32.Build.0 = Debug|Win32
		{AF6B25DD-7216-4FA6-8CC9-5D977327368C}.Release|Any CPU.ActiveCfg = Release|Win32
		{AF6B25DD-7216-4FA6-8CC9-5D977327368C}.Release|Mixed Platforms.ActiveCfg = Release|Win32
		{AF6B25DD-7216-4FA6-8CC9-5D977327368C}.Release|Mixed Platforms.Build.0 = Release|Win32
		{AF6B25DD-7216-4FA6-8CC9-5D977327368C}.Release|Win32.ActiveCfg = Release|Win32
		{AF6B25DD-7216-4FA6-8CC9-5D977327368C}.Release|Win32.Build.0 = Release|Win32
	EndGlobalSection
	GlobalSection(SolutionProperties) = preSolution
		HideSolutionNode = FALSE
	EndGlobalSection
EndGlobal
